// !$*UTF8*$!
{
	archiveVersion = 1;
	classes = {
	};
	objectVersion = 46;
	objects = {

/* Begin PBXBuildFile section */
		540D8CAF1DD0BE4D00A4E4C9 /* PPMLoader.cpp in Sources */ = {isa = PBXBuildFile; fileRef = 540D8CAD1DD0BE4D00A4E4C9 /* PPMLoader.cpp */; };
		540D8CB21DD135C200A4E4C9 /* gigantic.test.ppm in CopyFiles */ = {isa = PBXBuildFile; fileRef = 95FD0A111DD0E852005A89BB /* gigantic.test.ppm */; };
		542102FD1DB6A83C004A1246 /* very_small.ppm in CopyFiles */ = {isa = PBXBuildFile; fileRef = 542102FA1DB6A7D9004A1246 /* very_small.ppm */; };
		545A4D491DB6471500B5E365 /* main.cpp in Sources */ = {isa = PBXBuildFile; fileRef = 545A4D481DB6471500B5E365 /* main.cpp */; };
		546A42FA1DBA7A8D006C2629 /* RGBToYCbCrConverter.cpp in Sources */ = {isa = PBXBuildFile; fileRef = 546A42F01DBA7A8D006C2629 /* RGBToYCbCrConverter.cpp */; };
		546A42FB1DBA7A8D006C2629 /* YCbCrToRGBConverter.cpp in Sources */ = {isa = PBXBuildFile; fileRef = 546A42F21DBA7A8D006C2629 /* YCbCrToRGBConverter.cpp */; };
		546A42FD1DBA7A8D006C2629 /* Image.cpp in Sources */ = {isa = PBXBuildFile; fileRef = 546A42F81DBA7A8D006C2629 /* Image.cpp */; };
		5496ABDD1DCFA97100FED0CF /* Channel.cpp in Sources */ = {isa = PBXBuildFile; fileRef = 5496ABDB1DCFA97100FED0CF /* Channel.cpp */; };
		549E8DD71DD299540032006B /* BitstreamMarcel.cpp in Sources */ = {isa = PBXBuildFile; fileRef = 549E8DD31DD299540032006B /* BitstreamMarcel.cpp */; };
		549E8DD81DD299540032006B /* BitstreamMarv.cpp in Sources */ = {isa = PBXBuildFile; fileRef = 549E8DD51DD299540032006B /* BitstreamMarv.cpp */; };
		54F3664F1DD3F2EE004D4AA7 /* BitstreamOleg.cpp in Sources */ = {isa = PBXBuildFile; fileRef = 54F3664E1DD3F2EE004D4AA7 /* BitstreamOleg.cpp */; };
		95FA179A1DC0CCFB0042DA1B /* singapore4k.test.ppm in CopyFiles */ = {isa = PBXBuildFile; fileRef = 9572F5271DC0CA7D00FC7CE2 /* singapore4k.test.ppm */; };
/* End PBXBuildFile section */

/* Begin PBXCopyFilesBuildPhase section */
		545A4D431DB6471500B5E365 /* CopyFiles */ = {
			isa = PBXCopyFilesBuildPhase;
			buildActionMask = 12;
			dstPath = data;
			dstSubfolderSpec = 16;
			files = (
				95FA179A1DC0CCFB0042DA1B /* singapore4k.test.ppm in CopyFiles */,
				542102FD1DB6A83C004A1246 /* very_small.ppm in CopyFiles */,
				540D8CB21DD135C200A4E4C9 /* gigantic.test.ppm in CopyFiles */,
			);
			runOnlyForDeploymentPostprocessing = 0;
		};
/* End PBXCopyFilesBuildPhase section */

/* Begin PBXFileReference section */
		540D8CAD1DD0BE4D00A4E4C9 /* PPMLoader.cpp */ = {isa = PBXFileReference; fileEncoding = 4; lastKnownFileType = sourcecode.cpp.cpp; path = PPMLoader.cpp; sourceTree = "<group>"; };
		540D8CAE1DD0BE4D00A4E4C9 /* PPMLoader.hpp */ = {isa = PBXFileReference; fileEncoding = 4; lastKnownFileType = sourcecode.cpp.h; path = PPMLoader.hpp; sourceTree = "<group>"; };
		542102FA1DB6A7D9004A1246 /* very_small.ppm */ = {isa = PBXFileReference; fileEncoding = 4; lastKnownFileType = text; path = very_small.ppm; sourceTree = "<group>"; };
		545A4D451DB6471500B5E365 /* jpegenc */ = {isa = PBXFileReference; explicitFileType = "compiled.mach-o.executable"; includeInIndex = 0; path = jpegenc; sourceTree = BUILT_PRODUCTS_DIR; };
		545A4D481DB6471500B5E365 /* main.cpp */ = {isa = PBXFileReference; lastKnownFileType = sourcecode.cpp.cpp; path = main.cpp; sourceTree = "<group>"; };
		546A42F01DBA7A8D006C2629 /* RGBToYCbCrConverter.cpp */ = {isa = PBXFileReference; fileEncoding = 4; lastKnownFileType = sourcecode.cpp.cpp; path = RGBToYCbCrConverter.cpp; sourceTree = "<group>"; };
		546A42F11DBA7A8D006C2629 /* RGBToYCbCrConverter.hpp */ = {isa = PBXFileReference; fileEncoding = 4; lastKnownFileType = sourcecode.cpp.h; path = RGBToYCbCrConverter.hpp; sourceTree = "<group>"; };
		546A42F21DBA7A8D006C2629 /* YCbCrToRGBConverter.cpp */ = {isa = PBXFileReference; fileEncoding = 4; lastKnownFileType = sourcecode.cpp.cpp; path = YCbCrToRGBConverter.cpp; sourceTree = "<group>"; };
		546A42F31DBA7A8D006C2629 /* YCbCrToRGBConverter.hpp */ = {isa = PBXFileReference; fileEncoding = 4; lastKnownFileType = sourcecode.cpp.h; path = YCbCrToRGBConverter.hpp; sourceTree = "<group>"; };
		546A42F81DBA7A8D006C2629 /* Image.cpp */ = {isa = PBXFileReference; fileEncoding = 4; lastKnownFileType = sourcecode.cpp.cpp; path = Image.cpp; sourceTree = "<group>"; };
		546A42F91DBA7A8D006C2629 /* Image.hpp */ = {isa = PBXFileReference; fileEncoding = 4; lastKnownFileType = sourcecode.cpp.h; path = Image.hpp; sourceTree = "<group>"; };
		5496ABDB1DCFA97100FED0CF /* Channel.cpp */ = {isa = PBXFileReference; fileEncoding = 4; lastKnownFileType = sourcecode.cpp.cpp; path = Channel.cpp; sourceTree = "<group>"; };
		5496ABDC1DCFA97100FED0CF /* Channel.hpp */ = {isa = PBXFileReference; fileEncoding = 4; lastKnownFileType = sourcecode.cpp.h; path = Channel.hpp; sourceTree = "<group>"; };
		549E8DD31DD299540032006B /* BitstreamMarcel.cpp */ = {isa = PBXFileReference; fileEncoding = 4; lastKnownFileType = sourcecode.cpp.cpp; path = BitstreamMarcel.cpp; sourceTree = "<group>"; };
		549E8DD41DD299540032006B /* BitstreamMarcel.hpp */ = {isa = PBXFileReference; fileEncoding = 4; lastKnownFileType = sourcecode.cpp.h; path = BitstreamMarcel.hpp; sourceTree = "<group>"; };
		549E8DD51DD299540032006B /* BitstreamMarv.cpp */ = {isa = PBXFileReference; fileEncoding = 4; lastKnownFileType = sourcecode.cpp.cpp; path = BitstreamMarv.cpp; sourceTree = "<group>"; };
		549E8DD61DD299540032006B /* BitstreamMarv.hpp */ = {isa = PBXFileReference; fileEncoding = 4; lastKnownFileType = sourcecode.cpp.h; path = BitstreamMarv.hpp; sourceTree = "<group>"; };
		54A027DD1DB6CFFB0053733A /* CMakeLists.txt */ = {isa = PBXFileReference; lastKnownFileType = text; name = CMakeLists.txt; path = ../CMakeLists.txt; sourceTree = "<group>"; };
		54F3664D1DD3F2EE004D4AA7 /* BitstreamOleg.hpp */ = {isa = PBXFileReference; fileEncoding = 4; lastKnownFileType = sourcecode.cpp.h; path = BitstreamOleg.hpp; sourceTree = "<group>"; };
		54F3664E1DD3F2EE004D4AA7 /* BitstreamOleg.cpp */ = {isa = PBXFileReference; fileEncoding = 4; lastKnownFileType = sourcecode.cpp.cpp; path = BitstreamOleg.cpp; sourceTree = "<group>"; };
		9572F5271DC0CA7D00FC7CE2 /* singapore4k.test.ppm */ = {isa = PBXFileReference; fileEncoding = 4; lastKnownFileType = text; path = singapore4k.test.ppm; sourceTree = "<group>"; };
		95FD0A111DD0E852005A89BB /* gigantic.test.ppm */ = {isa = PBXFileReference; fileEncoding = 4; lastKnownFileType = text; path = gigantic.test.ppm; sourceTree = "<group>"; };
/* End PBXFileReference section */

/* Begin PBXFrameworksBuildPhase section */
		545A4D421DB6471500B5E365 /* Frameworks */ = {
			isa = PBXFrameworksBuildPhase;
			buildActionMask = 2147483647;
			files = (
			);
			runOnlyForDeploymentPostprocessing = 0;
		};
/* End PBXFrameworksBuildPhase section */

/* Begin PBXGroup section */
		540D8CAC1DD0BE4D00A4E4C9 /* io */ = {
			isa = PBXGroup;
			children = (
				540D8CAD1DD0BE4D00A4E4C9 /* PPMLoader.cpp */,
				540D8CAE1DD0BE4D00A4E4C9 /* PPMLoader.hpp */,
			);
			path = io;
			sourceTree = "<group>";
		};
		542102F91DB6A7D9004A1246 /* data */ = {
			isa = PBXGroup;
			children = (
				95FD0A111DD0E852005A89BB /* gigantic.test.ppm */,
				9572F5271DC0CA7D00FC7CE2 /* singapore4k.test.ppm */,
				542102FA1DB6A7D9004A1246 /* very_small.ppm */,
			);
			path = data;
			sourceTree = "<group>";
		};
		545A4D3C1DB6471500B5E365 = {
			isa = PBXGroup;
			children = (
				54A027DD1DB6CFFB0053733A /* CMakeLists.txt */,
				545A4D471DB6471500B5E365 /* jpegenc */,
				545A4D461DB6471500B5E365 /* Products */,
			);
			sourceTree = "<group>";
		};
		545A4D461DB6471500B5E365 /* Products */ = {
			isa = PBXGroup;
			children = (
				545A4D451DB6471500B5E365 /* jpegenc */,
			);
			name = Products;
			sourceTree = "<group>";
		};
		545A4D471DB6471500B5E365 /* jpegenc */ = {
			isa = PBXGroup;
			children = (
				542102F91DB6A7D9004A1246 /* data */,
				545A4D481DB6471500B5E365 /* main.cpp */,
				549E8DD21DD299540032006B /* bitstream */,
				546A42EF1DBA7A8D006C2629 /* converter */,
				540D8CAC1DD0BE4D00A4E4C9 /* io */,
				546A42F71DBA7A8D006C2629 /* model */,
			);
			path = jpegenc;
			sourceTree = "<group>";
		};
		546A42EF1DBA7A8D006C2629 /* converter */ = {
			isa = PBXGroup;
			children = (
				546A42F01DBA7A8D006C2629 /* RGBToYCbCrConverter.cpp */,
				546A42F11DBA7A8D006C2629 /* RGBToYCbCrConverter.hpp */,
				546A42F21DBA7A8D006C2629 /* YCbCrToRGBConverter.cpp */,
				546A42F31DBA7A8D006C2629 /* YCbCrToRGBConverter.hpp */,
			);
			path = converter;
			sourceTree = "<group>";
		};
		546A42F71DBA7A8D006C2629 /* model */ = {
			isa = PBXGroup;
			children = (
				5496ABDB1DCFA97100FED0CF /* Channel.cpp */,
				5496ABDC1DCFA97100FED0CF /* Channel.hpp */,
				546A42F81DBA7A8D006C2629 /* Image.cpp */,
				546A42F91DBA7A8D006C2629 /* Image.hpp */,
			);
			path = model;
			sourceTree = "<group>";
		};
		549E8DD21DD299540032006B /* bitstream */ = {
			isa = PBXGroup;
			children = (
				549E8DD31DD299540032006B /* BitstreamMarcel.cpp */,
				549E8DD41DD299540032006B /* BitstreamMarcel.hpp */,
				549E8DD51DD299540032006B /* BitstreamMarv.cpp */,
				549E8DD61DD299540032006B /* BitstreamMarv.hpp */,
				54F3664E1DD3F2EE004D4AA7 /* BitstreamOleg.cpp */,
				54F3664D1DD3F2EE004D4AA7 /* BitstreamOleg.hpp */,
			);
			path = bitstream;
			sourceTree = "<group>";
		};
/* End PBXGroup section */

/* Begin PBXNativeTarget section */
		545A4D441DB6471500B5E365 /* jpegenc */ = {
			isa = PBXNativeTarget;
			buildConfigurationList = 545A4D4C1DB6471500B5E365 /* Build configuration list for PBXNativeTarget "jpegenc" */;
			buildPhases = (
				545A4D411DB6471500B5E365 /* Sources */,
				545A4D421DB6471500B5E365 /* Frameworks */,
				545A4D431DB6471500B5E365 /* CopyFiles */,
			);
			buildRules = (
			);
			dependencies = (
			);
			name = jpegenc;
			productName = jpegenc;
			productReference = 545A4D451DB6471500B5E365 /* jpegenc */;
			productType = "com.apple.product-type.tool";
		};
/* End PBXNativeTarget section */

/* Begin PBXProject section */
		545A4D3D1DB6471500B5E365 /* Project object */ = {
			isa = PBXProject;
			attributes = {
				LastUpgradeCheck = 0800;
				ORGANIZATIONNAME = FHWS;
				TargetAttributes = {
					545A4D441DB6471500B5E365 = {
						CreatedOnToolsVersion = 8.0;
						ProvisioningStyle = Automatic;
					};
				};
			};
			buildConfigurationList = 545A4D401DB6471500B5E365 /* Build configuration list for PBXProject "jpegenc" */;
			compatibilityVersion = "Xcode 3.2";
			developmentRegion = English;
			hasScannedForEncodings = 0;
			knownRegions = (
				en,
			);
			mainGroup = 545A4D3C1DB6471500B5E365;
			productRefGroup = 545A4D461DB6471500B5E365 /* Products */;
			projectDirPath = "";
			projectRoot = "";
			targets = (
				545A4D441DB6471500B5E365 /* jpegenc */,
			);
		};
/* End PBXProject section */

/* Begin PBXSourcesBuildPhase section */
		545A4D411DB6471500B5E365 /* Sources */ = {
			isa = PBXSourcesBuildPhase;
			buildActionMask = 2147483647;
			files = (
				540D8CAF1DD0BE4D00A4E4C9 /* PPMLoader.cpp in Sources */,
				549E8DD71DD299540032006B /* BitstreamMarcel.cpp in Sources */,
				545A4D491DB6471500B5E365 /* main.cpp in Sources */,
				54F3664F1DD3F2EE004D4AA7 /* BitstreamOleg.cpp in Sources */,
				549E8DD81DD299540032006B /* BitstreamMarv.cpp in Sources */,
				546A42FB1DBA7A8D006C2629 /* YCbCrToRGBConverter.cpp in Sources */,
				546A42FA1DBA7A8D006C2629 /* RGBToYCbCrConverter.cpp in Sources */,
				546A42FD1DBA7A8D006C2629 /* Image.cpp in Sources */,
				5496ABDD1DCFA97100FED0CF /* Channel.cpp in Sources */,
			);
			runOnlyForDeploymentPostprocessing = 0;
		};
/* End PBXSourcesBuildPhase section */

/* Begin XCBuildConfiguration section */
		545A4D4A1DB6471500B5E365 /* Debug */ = {
			isa = XCBuildConfiguration;
			buildSettings = {
				ALWAYS_SEARCH_USER_PATHS = NO;
				CLANG_ANALYZER_NONNULL = YES;
				CLANG_CXX_LANGUAGE_STANDARD = "gnu++0x";
				CLANG_CXX_LIBRARY = "libc++";
				CLANG_ENABLE_MODULES = YES;
				CLANG_ENABLE_OBJC_ARC = YES;
				CLANG_WARN_BOOL_CONVERSION = YES;
				CLANG_WARN_CONSTANT_CONVERSION = YES;
				CLANG_WARN_DIRECT_OBJC_ISA_USAGE = YES_ERROR;
				CLANG_WARN_DOCUMENTATION_COMMENTS = YES;
				CLANG_WARN_EMPTY_BODY = YES;
				CLANG_WARN_ENUM_CONVERSION = YES;
				CLANG_WARN_INFINITE_RECURSION = YES;
				CLANG_WARN_INT_CONVERSION = YES;
				CLANG_WARN_OBJC_ROOT_CLASS = YES_ERROR;
				CLANG_WARN_SUSPICIOUS_MOVES = YES;
				CLANG_WARN_UNREACHABLE_CODE = YES;
				CLANG_WARN__DUPLICATE_METHOD_MATCH = YES;
				CODE_SIGN_IDENTITY = "-";
				COPY_PHASE_STRIP = NO;
				DEBUG_INFORMATION_FORMAT = dwarf;
				ENABLE_STRICT_OBJC_MSGSEND = YES;
				ENABLE_TESTABILITY = YES;
				GCC_C_LANGUAGE_STANDARD = gnu99;
				GCC_DYNAMIC_NO_PIC = NO;
				GCC_NO_COMMON_BLOCKS = YES;
				GCC_OPTIMIZATION_LEVEL = 0;
				GCC_PREPROCESSOR_DEFINITIONS = (
					"DEBUG=1",
					"$(inherited)",
				);
				GCC_WARN_64_TO_32_BIT_CONVERSION = YES;
				GCC_WARN_ABOUT_RETURN_TYPE = YES_ERROR;
				GCC_WARN_UNDECLARED_SELECTOR = YES;
				GCC_WARN_UNINITIALIZED_AUTOS = YES_AGGRESSIVE;
				GCC_WARN_UNUSED_FUNCTION = YES;
				GCC_WARN_UNUSED_VARIABLE = YES;
				MACOSX_DEPLOYMENT_TARGET = 10.11;
				MTL_ENABLE_DEBUG_INFO = YES;
				ONLY_ACTIVE_ARCH = YES;
				SDKROOT = macosx;
			};
			name = Debug;
		};
		545A4D4B1DB6471500B5E365 /* Release */ = {
			isa = XCBuildConfiguration;
			buildSettings = {
				ALWAYS_SEARCH_USER_PATHS = NO;
				CLANG_ANALYZER_NONNULL = YES;
				CLANG_CXX_LANGUAGE_STANDARD = "gnu++0x";
				CLANG_CXX_LIBRARY = "libc++";
				CLANG_ENABLE_MODULES = YES;
				CLANG_ENABLE_OBJC_ARC = YES;
				CLANG_WARN_BOOL_CONVERSION = YES;
				CLANG_WARN_CONSTANT_CONVERSION = YES;
				CLANG_WARN_DIRECT_OBJC_ISA_USAGE = YES_ERROR;
				CLANG_WARN_DOCUMENTATION_COMMENTS = YES;
				CLANG_WARN_EMPTY_BODY = YES;
				CLANG_WARN_ENUM_CONVERSION = YES;
				CLANG_WARN_INFINITE_RECURSION = YES;
				CLANG_WARN_INT_CONVERSION = YES;
				CLANG_WARN_OBJC_ROOT_CLASS = YES_ERROR;
				CLANG_WARN_SUSPICIOUS_MOVES = YES;
				CLANG_WARN_UNREACHABLE_CODE = YES;
				CLANG_WARN__DUPLICATE_METHOD_MATCH = YES;
				CODE_SIGN_IDENTITY = "-";
				COPY_PHASE_STRIP = NO;
				DEBUG_INFORMATION_FORMAT = "dwarf-with-dsym";
				ENABLE_NS_ASSERTIONS = NO;
				ENABLE_STRICT_OBJC_MSGSEND = YES;
				GCC_C_LANGUAGE_STANDARD = gnu99;
				GCC_NO_COMMON_BLOCKS = YES;
				GCC_WARN_64_TO_32_BIT_CONVERSION = YES;
				GCC_WARN_ABOUT_RETURN_TYPE = YES_ERROR;
				GCC_WARN_UNDECLARED_SELECTOR = YES;
				GCC_WARN_UNINITIALIZED_AUTOS = YES_AGGRESSIVE;
				GCC_WARN_UNUSED_FUNCTION = YES;
				GCC_WARN_UNUSED_VARIABLE = YES;
				MACOSX_DEPLOYMENT_TARGET = 10.11;
				MTL_ENABLE_DEBUG_INFO = NO;
				SDKROOT = macosx;
			};
			name = Release;
		};
		545A4D4D1DB6471500B5E365 /* Debug */ = {
			isa = XCBuildConfiguration;
			buildSettings = {
				PRODUCT_NAME = "$(TARGET_NAME)";
			};
			name = Debug;
		};
		545A4D4E1DB6471500B5E365 /* Release */ = {
			isa = XCBuildConfiguration;
			buildSettings = {
				PRODUCT_NAME = "$(TARGET_NAME)";
			};
			name = Release;
		};
/* End XCBuildConfiguration section */

/* Begin XCConfigurationList section */
		545A4D401DB6471500B5E365 /* Build configuration list for PBXProject "jpegenc" */ = {
			isa = XCConfigurationList;
			buildConfigurations = (
				545A4D4A1DB6471500B5E365 /* Debug */,
				545A4D4B1DB6471500B5E365 /* Release */,
			);
			defaultConfigurationIsVisible = 0;
			defaultConfigurationName = Release;
		};
		545A4D4C1DB6471500B5E365 /* Build configuration list for PBXNativeTarget "jpegenc" */ = {
			isa = XCConfigurationList;
			buildConfigurations = (
				545A4D4D1DB6471500B5E365 /* Debug */,
				545A4D4E1DB6471500B5E365 /* Release */,
			);
			defaultConfigurationIsVisible = 0;
			defaultConfigurationName = Release;
		};
/* End XCConfigurationList section */
	};
	rootObject = 545A4D3D1DB6471500B5E365 /* Project object */;
}
