// !$*UTF8*$!
{
	archiveVersion = 1;
	classes = {
	};
	objectVersion = 46;
	objects = {

/* Begin PBXBuildFile section */
		123881181DEC446E0017A619 /* Huffman.cpp in Sources */ = {isa = PBXBuildFile; fileRef = 123881161DEC446E0017A619 /* Huffman.cpp */; };
		124F6F671E2524FE00697587 /* Quantization.cpp in Sources */ = {isa = PBXBuildFile; fileRef = 124F6F651E2524FE00697587 /* Quantization.cpp */; };
		12B6F1821E002FE3006D0182 /* DCT.cpp in Sources */ = {isa = PBXBuildFile; fileRef = 12B6F1801E002FE3006D0182 /* DCT.cpp */; };
		40268F931E2D530F008A8617 /* Quantization.cpp in Sources */ = {isa = PBXBuildFile; fileRef = 124F6F651E2524FE00697587 /* Quantization.cpp */; };
		40268F951E2D533A008A8617 /* TestJPEGWriter.cpp in Sources */ = {isa = PBXBuildFile; fileRef = 40268F941E2D533A008A8617 /* TestJPEGWriter.cpp */; };
		4066437E1E07D37300F37B1F /* Arai.cpp in Sources */ = {isa = PBXBuildFile; fileRef = 4066437C1E07D37300F37B1F /* Arai.cpp */; };
		40F5AE7D1DE3589100ECF256 /* JPEGSegments.cpp in Sources */ = {isa = PBXBuildFile; fileRef = 40F5AE7B1DE3589100ECF256 /* JPEGSegments.cpp */; };
		540D8CAF1DD0BE4D00A4E4C9 /* PPMLoader.cpp in Sources */ = {isa = PBXBuildFile; fileRef = 540D8CAD1DD0BE4D00A4E4C9 /* PPMLoader.cpp */; };
		5412EC191DF4E062007604E9 /* Node.cpp in Sources */ = {isa = PBXBuildFile; fileRef = 5412EC171DF4E062007604E9 /* Node.cpp */; };
		543AF4AE1DFDC241006C8F7D /* Encoding.cpp in Sources */ = {isa = PBXBuildFile; fileRef = 543AF4AD1DFDC241006C8F7D /* Encoding.cpp */; };
		545A4D491DB6471500B5E365 /* main.cpp in Sources */ = {isa = PBXBuildFile; fileRef = 545A4D481DB6471500B5E365 /* main.cpp */; };
		546A42FA1DBA7A8D006C2629 /* RGBToYCbCrConverter.cpp in Sources */ = {isa = PBXBuildFile; fileRef = 546A42F01DBA7A8D006C2629 /* RGBToYCbCrConverter.cpp */; };
		546A42FB1DBA7A8D006C2629 /* YCbCrToRGBConverter.cpp in Sources */ = {isa = PBXBuildFile; fileRef = 546A42F21DBA7A8D006C2629 /* YCbCrToRGBConverter.cpp */; };
		546A42FD1DBA7A8D006C2629 /* Image.cpp in Sources */ = {isa = PBXBuildFile; fileRef = 546A42F81DBA7A8D006C2629 /* Image.cpp */; };
		5496ABDD1DCFA97100FED0CF /* Channel.cpp in Sources */ = {isa = PBXBuildFile; fileRef = 5496ABDB1DCFA97100FED0CF /* Channel.cpp */; };
		549A49771E172F4F0040B274 /* Performance.cpp in Sources */ = {isa = PBXBuildFile; fileRef = 549A49751E172F4F0040B274 /* Performance.cpp */; };
		54AF12AA1DF8B33B003312B9 /* PackageMerge.cpp in Sources */ = {isa = PBXBuildFile; fileRef = 54AF12A81DF8B33B003312B9 /* PackageMerge.cpp */; };
		54B9AA021DF62F9700BB8D0D /* BitMath.cpp in Sources */ = {isa = PBXBuildFile; fileRef = 54B9AA001DF62F9700BB8D0D /* BitMath.cpp */; };
		950478DA1DDB56AE007C1053 /* Bitstream.cpp in Sources */ = {isa = PBXBuildFile; fileRef = 950478D91DDB56AE007C1053 /* Bitstream.cpp */; };
		95183AD31E252ACE00130C77 /* ImageDataEncoding.cpp in Sources */ = {isa = PBXBuildFile; fileRef = 95183AD11E252ACE00130C77 /* ImageDataEncoding.cpp */; };
		95A113781E256B9B00F9FA3F /* Arai.cpp in Sources */ = {isa = PBXBuildFile; fileRef = 4066437C1E07D37300F37B1F /* Arai.cpp */; };
		95A113791E256B9E00F9FA3F /* DCT.cpp in Sources */ = {isa = PBXBuildFile; fileRef = 12B6F1801E002FE3006D0182 /* DCT.cpp */; };
		95A1137B1E256BD900F9FA3F /* Channel.cpp in Sources */ = {isa = PBXBuildFile; fileRef = 5496ABDB1DCFA97100FED0CF /* Channel.cpp */; };
		95A1137C1E256BDD00F9FA3F /* Image.cpp in Sources */ = {isa = PBXBuildFile; fileRef = 546A42F81DBA7A8D006C2629 /* Image.cpp */; };
		95A1137D1E256BE000F9FA3F /* PPMLoader.cpp in Sources */ = {isa = PBXBuildFile; fileRef = 540D8CAD1DD0BE4D00A4E4C9 /* PPMLoader.cpp */; };
		95A1137E1E256BE300F9FA3F /* Performance.cpp in Sources */ = {isa = PBXBuildFile; fileRef = 549A49751E172F4F0040B274 /* Performance.cpp */; };
		95A1137F1E256BE700F9FA3F /* RGBToYCbCrConverter.cpp in Sources */ = {isa = PBXBuildFile; fileRef = 546A42F01DBA7A8D006C2629 /* RGBToYCbCrConverter.cpp */; };
		95A113801E256BEA00F9FA3F /* YCbCrToRGBConverter.cpp in Sources */ = {isa = PBXBuildFile; fileRef = 546A42F21DBA7A8D006C2629 /* YCbCrToRGBConverter.cpp */; };
		95A113811E256BF100F9FA3F /* JPEGSegments.cpp in Sources */ = {isa = PBXBuildFile; fileRef = 40F5AE7B1DE3589100ECF256 /* JPEGSegments.cpp */; };
		95A113821E256BF400F9FA3F /* ImageDataEncoding.cpp in Sources */ = {isa = PBXBuildFile; fileRef = 95183AD11E252ACE00130C77 /* ImageDataEncoding.cpp */; };
		95A113861E256CA900F9FA3F /* TestImageDataEncoding.cpp in Sources */ = {isa = PBXBuildFile; fileRef = 95A113851E256CA900F9FA3F /* TestImageDataEncoding.cpp */; };
		95DD803C1E1BFD4A00C92112 /* TestHuffman.cpp in Sources */ = {isa = PBXBuildFile; fileRef = 95DD803A1E1BFD4A00C92112 /* TestHuffman.cpp */; };
		95DD803D1E1BFD4A00C92112 /* main.cpp in Sources */ = {isa = PBXBuildFile; fileRef = 95DD803B1E1BFD4A00C92112 /* main.cpp */; };
		95DD80431E1BFE0900C92112 /* Huffman.cpp in Sources */ = {isa = PBXBuildFile; fileRef = 123881161DEC446E0017A619 /* Huffman.cpp */; };
		95DD80441E1BFE3300C92112 /* Encoding.cpp in Sources */ = {isa = PBXBuildFile; fileRef = 543AF4AD1DFDC241006C8F7D /* Encoding.cpp */; };
		95DD80451E1BFE3900C92112 /* Node.cpp in Sources */ = {isa = PBXBuildFile; fileRef = 5412EC171DF4E062007604E9 /* Node.cpp */; };
		95DD80461E1BFE3C00C92112 /* PackageMerge.cpp in Sources */ = {isa = PBXBuildFile; fileRef = 54AF12A81DF8B33B003312B9 /* PackageMerge.cpp */; };
		95DD80471E1BFE4A00C92112 /* Bitstream.cpp in Sources */ = {isa = PBXBuildFile; fileRef = 950478D91DDB56AE007C1053 /* Bitstream.cpp */; };
		95DD80481E1BFE5400C92112 /* BitMath.cpp in Sources */ = {isa = PBXBuildFile; fileRef = 54B9AA001DF62F9700BB8D0D /* BitMath.cpp */; };
/* End PBXBuildFile section */

/* Begin PBXCopyFilesBuildPhase section */
		95DD802F1E1BFD1C00C92112 /* CopyFiles */ = {
			isa = PBXCopyFilesBuildPhase;
			buildActionMask = 2147483647;
			dstPath = /usr/share/man/man1/;
			dstSubfolderSpec = 0;
			files = (
			);
			runOnlyForDeploymentPostprocessing = 1;
		};
/* End PBXCopyFilesBuildPhase section */

/* Begin PBXFileReference section */
		123881161DEC446E0017A619 /* Huffman.cpp */ = {isa = PBXFileReference; fileEncoding = 4; lastKnownFileType = sourcecode.cpp.cpp; path = Huffman.cpp; sourceTree = "<group>"; };
		123881171DEC446E0017A619 /* Huffman.hpp */ = {isa = PBXFileReference; fileEncoding = 4; lastKnownFileType = sourcecode.cpp.h; path = Huffman.hpp; sourceTree = "<group>"; };
		124F6F651E2524FE00697587 /* Quantization.cpp */ = {isa = PBXFileReference; fileEncoding = 4; lastKnownFileType = sourcecode.cpp.cpp; path = Quantization.cpp; sourceTree = "<group>"; };
		124F6F661E2524FE00697587 /* Quantization.hpp */ = {isa = PBXFileReference; fileEncoding = 4; lastKnownFileType = sourcecode.cpp.h; path = Quantization.hpp; sourceTree = "<group>"; };
		12B6F1801E002FE3006D0182 /* DCT.cpp */ = {isa = PBXFileReference; fileEncoding = 4; lastKnownFileType = sourcecode.cpp.cpp; path = DCT.cpp; sourceTree = "<group>"; };
		12B6F1811E002FE3006D0182 /* DCT.hpp */ = {isa = PBXFileReference; fileEncoding = 4; lastKnownFileType = sourcecode.cpp.h; path = DCT.hpp; sourceTree = "<group>"; };
		40268F941E2D533A008A8617 /* TestJPEGWriter.cpp */ = {isa = PBXFileReference; fileEncoding = 4; lastKnownFileType = sourcecode.cpp.cpp; path = TestJPEGWriter.cpp; sourceTree = "<group>"; };
		4066437C1E07D37300F37B1F /* Arai.cpp */ = {isa = PBXFileReference; fileEncoding = 4; lastKnownFileType = sourcecode.cpp.cpp; path = Arai.cpp; sourceTree = "<group>"; };
		4066437D1E07D37300F37B1F /* Arai.hpp */ = {isa = PBXFileReference; fileEncoding = 4; lastKnownFileType = sourcecode.cpp.h; path = Arai.hpp; sourceTree = "<group>"; };
		40CFC6AB1E2E7DAE00364A54 /* 400x400_bund-muster.ppm */ = {isa = PBXFileReference; fileEncoding = 4; lastKnownFileType = text; name = "400x400_bund-muster.ppm"; path = "data/400x400_bund-muster.ppm"; sourceTree = SOURCE_ROOT; };
		40F5AE7B1DE3589100ECF256 /* JPEGSegments.cpp */ = {isa = PBXFileReference; fileEncoding = 4; lastKnownFileType = sourcecode.cpp.cpp; path = JPEGSegments.cpp; sourceTree = "<group>"; };
		40F5AE7C1DE3589100ECF256 /* JPEGSegments.hpp */ = {isa = PBXFileReference; fileEncoding = 4; lastKnownFileType = sourcecode.cpp.h; path = JPEGSegments.hpp; sourceTree = "<group>"; };
		540D8CAD1DD0BE4D00A4E4C9 /* PPMLoader.cpp */ = {isa = PBXFileReference; fileEncoding = 4; lastKnownFileType = sourcecode.cpp.cpp; path = PPMLoader.cpp; sourceTree = "<group>"; };
		540D8CAE1DD0BE4D00A4E4C9 /* PPMLoader.hpp */ = {isa = PBXFileReference; fileEncoding = 4; lastKnownFileType = sourcecode.cpp.h; path = PPMLoader.hpp; sourceTree = "<group>"; };
		5412EC171DF4E062007604E9 /* Node.cpp */ = {isa = PBXFileReference; fileEncoding = 4; lastKnownFileType = sourcecode.cpp.cpp; path = Node.cpp; sourceTree = "<group>"; };
		5412EC181DF4E062007604E9 /* Node.hpp */ = {isa = PBXFileReference; fileEncoding = 4; lastKnownFileType = sourcecode.cpp.h; path = Node.hpp; sourceTree = "<group>"; };
		542797631E0E831900E702C7 /* output.test.ppm */ = {isa = PBXFileReference; lastKnownFileType = text; path = output.test.ppm; sourceTree = "<group>"; };
		542797641E0E831900E702C7 /* singapore4k.test.ppm */ = {isa = PBXFileReference; lastKnownFileType = text; path = singapore4k.test.ppm; sourceTree = "<group>"; };
		542797651E0E831900E702C7 /* Test1.test.jpg */ = {isa = PBXFileReference; lastKnownFileType = image.jpeg; path = Test1.test.jpg; sourceTree = "<group>"; };
		542797671E0E831900E702C7 /* very_small.ppm */ = {isa = PBXFileReference; lastKnownFileType = text; path = very_small.ppm; sourceTree = "<group>"; };
		543AF4AB1DFDBF56006C8F7D /* Encoding.hpp */ = {isa = PBXFileReference; fileEncoding = 4; lastKnownFileType = sourcecode.cpp.h; path = Encoding.hpp; sourceTree = "<group>"; };
		543AF4AD1DFDC241006C8F7D /* Encoding.cpp */ = {isa = PBXFileReference; fileEncoding = 4; lastKnownFileType = sourcecode.cpp.cpp; path = Encoding.cpp; sourceTree = "<group>"; };
		545A4D451DB6471500B5E365 /* jpegenc */ = {isa = PBXFileReference; explicitFileType = "compiled.mach-o.executable"; includeInIndex = 0; path = jpegenc; sourceTree = BUILT_PRODUCTS_DIR; };
		545A4D481DB6471500B5E365 /* main.cpp */ = {isa = PBXFileReference; lastKnownFileType = sourcecode.cpp.cpp; path = main.cpp; sourceTree = "<group>"; };
		546A42F01DBA7A8D006C2629 /* RGBToYCbCrConverter.cpp */ = {isa = PBXFileReference; fileEncoding = 4; lastKnownFileType = sourcecode.cpp.cpp; path = RGBToYCbCrConverter.cpp; sourceTree = "<group>"; };
		546A42F11DBA7A8D006C2629 /* RGBToYCbCrConverter.hpp */ = {isa = PBXFileReference; fileEncoding = 4; lastKnownFileType = sourcecode.cpp.h; path = RGBToYCbCrConverter.hpp; sourceTree = "<group>"; };
		546A42F21DBA7A8D006C2629 /* YCbCrToRGBConverter.cpp */ = {isa = PBXFileReference; fileEncoding = 4; lastKnownFileType = sourcecode.cpp.cpp; path = YCbCrToRGBConverter.cpp; sourceTree = "<group>"; };
		546A42F31DBA7A8D006C2629 /* YCbCrToRGBConverter.hpp */ = {isa = PBXFileReference; fileEncoding = 4; lastKnownFileType = sourcecode.cpp.h; path = YCbCrToRGBConverter.hpp; sourceTree = "<group>"; };
		546A42F81DBA7A8D006C2629 /* Image.cpp */ = {isa = PBXFileReference; fileEncoding = 4; lastKnownFileType = sourcecode.cpp.cpp; path = Image.cpp; sourceTree = "<group>"; };
		546A42F91DBA7A8D006C2629 /* Image.hpp */ = {isa = PBXFileReference; fileEncoding = 4; lastKnownFileType = sourcecode.cpp.h; path = Image.hpp; sourceTree = "<group>"; };
		5496ABDB1DCFA97100FED0CF /* Channel.cpp */ = {isa = PBXFileReference; fileEncoding = 4; lastKnownFileType = sourcecode.cpp.cpp; path = Channel.cpp; sourceTree = "<group>"; };
		5496ABDC1DCFA97100FED0CF /* Channel.hpp */ = {isa = PBXFileReference; fileEncoding = 4; lastKnownFileType = sourcecode.cpp.h; path = Channel.hpp; sourceTree = "<group>"; };
		549A49751E172F4F0040B274 /* Performance.cpp */ = {isa = PBXFileReference; fileEncoding = 4; lastKnownFileType = sourcecode.cpp.cpp; path = Performance.cpp; sourceTree = "<group>"; };
		549A49761E172F4F0040B274 /* Performance.hpp */ = {isa = PBXFileReference; fileEncoding = 4; lastKnownFileType = sourcecode.cpp.h; path = Performance.hpp; sourceTree = "<group>"; };
		54A027DD1DB6CFFB0053733A /* CMakeLists.txt */ = {isa = PBXFileReference; lastKnownFileType = text; name = CMakeLists.txt; path = ../CMakeLists.txt; sourceTree = "<group>"; };
		54AF12A81DF8B33B003312B9 /* PackageMerge.cpp */ = {isa = PBXFileReference; fileEncoding = 4; lastKnownFileType = sourcecode.cpp.cpp; path = PackageMerge.cpp; sourceTree = "<group>"; };
		54AF12A91DF8B33B003312B9 /* PackageMerge.hpp */ = {isa = PBXFileReference; fileEncoding = 4; lastKnownFileType = sourcecode.cpp.h; path = PackageMerge.hpp; sourceTree = "<group>"; };
		54AFD4A41E26556A006B718B /* MemoryShifter.hpp */ = {isa = PBXFileReference; fileEncoding = 4; lastKnownFileType = sourcecode.cpp.h; path = MemoryShifter.hpp; sourceTree = "<group>"; };
		54B9AA001DF62F9700BB8D0D /* BitMath.cpp */ = {isa = PBXFileReference; fileEncoding = 4; lastKnownFileType = sourcecode.cpp.cpp; path = BitMath.cpp; sourceTree = "<group>"; };
		54B9AA011DF62F9700BB8D0D /* BitMath.hpp */ = {isa = PBXFileReference; fileEncoding = 4; lastKnownFileType = sourcecode.cpp.h; path = BitMath.hpp; sourceTree = "<group>"; };
		950478D81DDB56AE007C1053 /* Bitstream.hpp */ = {isa = PBXFileReference; fileEncoding = 4; lastKnownFileType = sourcecode.cpp.h; path = Bitstream.hpp; sourceTree = "<group>"; };
		950478D91DDB56AE007C1053 /* Bitstream.cpp */ = {isa = PBXFileReference; fileEncoding = 4; lastKnownFileType = sourcecode.cpp.cpp; path = Bitstream.cpp; sourceTree = "<group>"; };
		95183AD11E252ACE00130C77 /* ImageDataEncoding.cpp */ = {isa = PBXFileReference; fileEncoding = 4; lastKnownFileType = sourcecode.cpp.cpp; path = ImageDataEncoding.cpp; sourceTree = "<group>"; };
		95183AD21E252ACE00130C77 /* ImageDataEncoding.hpp */ = {isa = PBXFileReference; fileEncoding = 4; lastKnownFileType = sourcecode.cpp.h; path = ImageDataEncoding.hpp; sourceTree = "<group>"; };
		95A113851E256CA900F9FA3F /* TestImageDataEncoding.cpp */ = {isa = PBXFileReference; fileEncoding = 4; lastKnownFileType = sourcecode.cpp.cpp; path = TestImageDataEncoding.cpp; sourceTree = "<group>"; };
		95DD80311E1BFD1C00C92112 /* jpegencTest */ = {isa = PBXFileReference; explicitFileType = "compiled.mach-o.executable"; includeInIndex = 0; path = jpegencTest; sourceTree = BUILT_PRODUCTS_DIR; };
		95DD80391E1BFD4A00C92112 /* catch.hpp */ = {isa = PBXFileReference; fileEncoding = 4; lastKnownFileType = sourcecode.cpp.h; path = catch.hpp; sourceTree = "<group>"; };
		95DD803A1E1BFD4A00C92112 /* TestHuffman.cpp */ = {isa = PBXFileReference; fileEncoding = 4; lastKnownFileType = sourcecode.cpp.cpp; path = TestHuffman.cpp; sourceTree = "<group>"; };
		95DD803B1E1BFD4A00C92112 /* main.cpp */ = {isa = PBXFileReference; fileEncoding = 4; lastKnownFileType = sourcecode.cpp.cpp; path = main.cpp; sourceTree = "<group>"; };
/* End PBXFileReference section */

/* Begin PBXFrameworksBuildPhase section */
		545A4D421DB6471500B5E365 /* Frameworks */ = {
			isa = PBXFrameworksBuildPhase;
			buildActionMask = 2147483647;
			files = (
			);
			runOnlyForDeploymentPostprocessing = 0;
		};
		95DD802E1E1BFD1C00C92112 /* Frameworks */ = {
			isa = PBXFrameworksBuildPhase;
			buildActionMask = 2147483647;
			files = (
			);
			runOnlyForDeploymentPostprocessing = 0;
		};
/* End PBXFrameworksBuildPhase section */

/* Begin PBXGroup section */
		123881151DEC446E0017A619 /* huffman */ = {
			isa = PBXGroup;
			children = (
				543AF4AD1DFDC241006C8F7D /* Encoding.cpp */,
				543AF4AB1DFDBF56006C8F7D /* Encoding.hpp */,
				123881161DEC446E0017A619 /* Huffman.cpp */,
				123881171DEC446E0017A619 /* Huffman.hpp */,
				5412EC171DF4E062007604E9 /* Node.cpp */,
				5412EC181DF4E062007604E9 /* Node.hpp */,
				54AF12A81DF8B33B003312B9 /* PackageMerge.cpp */,
				54AF12A91DF8B33B003312B9 /* PackageMerge.hpp */,
			);
			path = huffman;
			sourceTree = "<group>";
		};
		124F6F641E2524B200697587 /* quantization */ = {
			isa = PBXGroup;
			children = (
				124F6F651E2524FE00697587 /* Quantization.cpp */,
				124F6F661E2524FE00697587 /* Quantization.hpp */,
				40CFC6AB1E2E7DAE00364A54 /* 400x400_bund-muster.ppm */,
			);
			name = quantization;
			sourceTree = "<group>";
		};
		12B6F17F1E002FE3006D0182 /* dct */ = {
			isa = PBXGroup;
			children = (
				12B6F1801E002FE3006D0182 /* DCT.cpp */,
				12B6F1811E002FE3006D0182 /* DCT.hpp */,
				4066437C1E07D37300F37B1F /* Arai.cpp */,
				4066437D1E07D37300F37B1F /* Arai.hpp */,
			);
			path = dct;
			sourceTree = "<group>";
		};
		40F5AE7A1DE3589100ECF256 /* segments */ = {
			isa = PBXGroup;
			children = (
				40F5AE7B1DE3589100ECF256 /* JPEGSegments.cpp */,
				40F5AE7C1DE3589100ECF256 /* JPEGSegments.hpp */,
				95183AD11E252ACE00130C77 /* ImageDataEncoding.cpp */,
				95183AD21E252ACE00130C77 /* ImageDataEncoding.hpp */,
			);
			path = segments;
			sourceTree = "<group>";
		};
		540D8CAC1DD0BE4D00A4E4C9 /* io */ = {
			isa = PBXGroup;
			children = (
				540D8CAD1DD0BE4D00A4E4C9 /* PPMLoader.cpp */,
				540D8CAE1DD0BE4D00A4E4C9 /* PPMLoader.hpp */,
			);
			path = io;
			sourceTree = "<group>";
		};
		542797621E0E831900E702C7 /* data */ = {
			isa = PBXGroup;
			children = (
				542797631E0E831900E702C7 /* output.test.ppm */,
				542797641E0E831900E702C7 /* singapore4k.test.ppm */,
				542797651E0E831900E702C7 /* Test1.test.jpg */,
				542797671E0E831900E702C7 /* very_small.ppm */,
			);
			path = data;
			sourceTree = SOURCE_ROOT;
		};
		545A4D3C1DB6471500B5E365 = {
			isa = PBXGroup;
			children = (
				54A027DD1DB6CFFB0053733A /* CMakeLists.txt */,
				545A4D471DB6471500B5E365 /* jpegenc */,
				95DD80321E1BFD1C00C92112 /* jpegencTest */,
				545A4D461DB6471500B5E365 /* Products */,
			);
			sourceTree = "<group>";
		};
		545A4D461DB6471500B5E365 /* Products */ = {
			isa = PBXGroup;
			children = (
				545A4D451DB6471500B5E365 /* jpegenc */,
				95DD80311E1BFD1C00C92112 /* jpegencTest */,
			);
			name = Products;
			sourceTree = "<group>";
		};
		545A4D471DB6471500B5E365 /* jpegenc */ = {
			isa = PBXGroup;
			children = (
				124F6F641E2524B200697587 /* quantization */,
				542797621E0E831900E702C7 /* data */,
				12B6F17F1E002FE3006D0182 /* dct */,
				123881151DEC446E0017A619 /* huffman */,
				40F5AE7A1DE3589100ECF256 /* segments */,
				545A4D481DB6471500B5E365 /* main.cpp */,
				549E8DD21DD299540032006B /* bitstream */,
				546A42EF1DBA7A8D006C2629 /* converter */,
				54F366511DD45318004D4AA7 /* helper */,
				540D8CAC1DD0BE4D00A4E4C9 /* io */,
				546A42F71DBA7A8D006C2629 /* model */,
			);
			path = jpegenc;
			sourceTree = "<group>";
		};
		546A42EF1DBA7A8D006C2629 /* converter */ = {
			isa = PBXGroup;
			children = (
				546A42F01DBA7A8D006C2629 /* RGBToYCbCrConverter.cpp */,
				546A42F11DBA7A8D006C2629 /* RGBToYCbCrConverter.hpp */,
				546A42F21DBA7A8D006C2629 /* YCbCrToRGBConverter.cpp */,
				546A42F31DBA7A8D006C2629 /* YCbCrToRGBConverter.hpp */,
			);
			path = converter;
			sourceTree = "<group>";
		};
		546A42F71DBA7A8D006C2629 /* model */ = {
			isa = PBXGroup;
			children = (
				5496ABDB1DCFA97100FED0CF /* Channel.cpp */,
				5496ABDC1DCFA97100FED0CF /* Channel.hpp */,
				546A42F81DBA7A8D006C2629 /* Image.cpp */,
				546A42F91DBA7A8D006C2629 /* Image.hpp */,
			);
			path = model;
			sourceTree = "<group>";
		};
		549E8DD21DD299540032006B /* bitstream */ = {
			isa = PBXGroup;
			children = (
				950478D91DDB56AE007C1053 /* Bitstream.cpp */,
				950478D81DDB56AE007C1053 /* Bitstream.hpp */,
			);
			path = bitstream;
			sourceTree = "<group>";
		};
		54F366511DD45318004D4AA7 /* helper */ = {
			isa = PBXGroup;
			children = (
				549A49751E172F4F0040B274 /* Performance.cpp */,
				549A49761E172F4F0040B274 /* Performance.hpp */,
				54B9AA001DF62F9700BB8D0D /* BitMath.cpp */,
				54B9AA011DF62F9700BB8D0D /* BitMath.hpp */,
				54AFD4A41E26556A006B718B /* MemoryShifter.hpp */,
			);
			path = helper;
			sourceTree = "<group>";
		};
		95DD80321E1BFD1C00C92112 /* jpegencTest */ = {
			isa = PBXGroup;
			children = (
				95DD80381E1BFD4A00C92112 /* tests */,
				95DD803B1E1BFD4A00C92112 /* main.cpp */,
			);
			path = jpegencTest;
			sourceTree = "<group>";
		};
		95DD80381E1BFD4A00C92112 /* tests */ = {
			isa = PBXGroup;
			children = (
				95DD80391E1BFD4A00C92112 /* catch.hpp */,
				95DD803A1E1BFD4A00C92112 /* TestHuffman.cpp */,
				95A113851E256CA900F9FA3F /* TestImageDataEncoding.cpp */,
				40268F941E2D533A008A8617 /* TestJPEGWriter.cpp */,
			);
			path = tests;
			sourceTree = "<group>";
		};
/* End PBXGroup section */

/* Begin PBXNativeTarget section */
		545A4D441DB6471500B5E365 /* jpegenc */ = {
			isa = PBXNativeTarget;
			buildConfigurationList = 545A4D4C1DB6471500B5E365 /* Build configuration list for PBXNativeTarget "jpegenc" */;
			buildPhases = (
				545A4D411DB6471500B5E365 /* Sources */,
				545A4D421DB6471500B5E365 /* Frameworks */,
			);
			buildRules = (
			);
			dependencies = (
			);
			name = jpegenc;
			productName = jpegenc;
			productReference = 545A4D451DB6471500B5E365 /* jpegenc */;
			productType = "com.apple.product-type.tool";
		};
		95DD80301E1BFD1C00C92112 /* jpegencTest */ = {
			isa = PBXNativeTarget;
			buildConfigurationList = 95DD80351E1BFD1C00C92112 /* Build configuration list for PBXNativeTarget "jpegencTest" */;
			buildPhases = (
				95DD802D1E1BFD1C00C92112 /* Sources */,
				95DD802E1E1BFD1C00C92112 /* Frameworks */,
				95DD802F1E1BFD1C00C92112 /* CopyFiles */,
			);
			buildRules = (
			);
			dependencies = (
			);
			name = jpegencTest;
			productName = jpegencTest;
			productReference = 95DD80311E1BFD1C00C92112 /* jpegencTest */;
			productType = "com.apple.product-type.tool";
		};
/* End PBXNativeTarget section */

/* Begin PBXProject section */
		545A4D3D1DB6471500B5E365 /* Project object */ = {
			isa = PBXProject;
			attributes = {
				LastUpgradeCheck = 0810;
				ORGANIZATIONNAME = FHWS;
				TargetAttributes = {
					545A4D441DB6471500B5E365 = {
						CreatedOnToolsVersion = 8.0;
						ProvisioningStyle = Automatic;
					};
					95DD80301E1BFD1C00C92112 = {
						CreatedOnToolsVersion = 8.2.1;
						ProvisioningStyle = Automatic;
					};
				};
			};
			buildConfigurationList = 545A4D401DB6471500B5E365 /* Build configuration list for PBXProject "jpegenc" */;
			compatibilityVersion = "Xcode 3.2";
			developmentRegion = English;
			hasScannedForEncodings = 0;
			knownRegions = (
				en,
			);
			mainGroup = 545A4D3C1DB6471500B5E365;
			productRefGroup = 545A4D461DB6471500B5E365 /* Products */;
			projectDirPath = "";
			projectRoot = "";
			targets = (
				545A4D441DB6471500B5E365 /* jpegenc */,
				95DD80301E1BFD1C00C92112 /* jpegencTest */,
			);
		};
/* End PBXProject section */

/* Begin PBXSourcesBuildPhase section */
		545A4D411DB6471500B5E365 /* Sources */ = {
			isa = PBXSourcesBuildPhase;
			buildActionMask = 2147483647;
			files = (
				123881181DEC446E0017A619 /* Huffman.cpp in Sources */,
				540D8CAF1DD0BE4D00A4E4C9 /* PPMLoader.cpp in Sources */,
				950478DA1DDB56AE007C1053 /* Bitstream.cpp in Sources */,
				545A4D491DB6471500B5E365 /* main.cpp in Sources */,
				5412EC191DF4E062007604E9 /* Node.cpp in Sources */,
				54AF12AA1DF8B33B003312B9 /* PackageMerge.cpp in Sources */,
				40F5AE7D1DE3589100ECF256 /* JPEGSegments.cpp in Sources */,
				546A42FB1DBA7A8D006C2629 /* YCbCrToRGBConverter.cpp in Sources */,
				546A42FA1DBA7A8D006C2629 /* RGBToYCbCrConverter.cpp in Sources */,
				124F6F671E2524FE00697587 /* Quantization.cpp in Sources */,
				546A42FD1DBA7A8D006C2629 /* Image.cpp in Sources */,
				4066437E1E07D37300F37B1F /* Arai.cpp in Sources */,
				549A49771E172F4F0040B274 /* Performance.cpp in Sources */,
				543AF4AE1DFDC241006C8F7D /* Encoding.cpp in Sources */,
				95183AD31E252ACE00130C77 /* ImageDataEncoding.cpp in Sources */,
				12B6F1821E002FE3006D0182 /* DCT.cpp in Sources */,
				54B9AA021DF62F9700BB8D0D /* BitMath.cpp in Sources */,
				5496ABDD1DCFA97100FED0CF /* Channel.cpp in Sources */,
			);
			runOnlyForDeploymentPostprocessing = 0;
		};
		95DD802D1E1BFD1C00C92112 /* Sources */ = {
			isa = PBXSourcesBuildPhase;
			buildActionMask = 2147483647;
			files = (
				95A1137F1E256BE700F9FA3F /* RGBToYCbCrConverter.cpp in Sources */,
				95DD80441E1BFE3300C92112 /* Encoding.cpp in Sources */,
				95DD803D1E1BFD4A00C92112 /* main.cpp in Sources */,
				95A113811E256BF100F9FA3F /* JPEGSegments.cpp in Sources */,
				95DD803C1E1BFD4A00C92112 /* TestHuffman.cpp in Sources */,
				95A113801E256BEA00F9FA3F /* YCbCrToRGBConverter.cpp in Sources */,
				95DD80461E1BFE3C00C92112 /* PackageMerge.cpp in Sources */,
				95DD80431E1BFE0900C92112 /* Huffman.cpp in Sources */,
				95A113781E256B9B00F9FA3F /* Arai.cpp in Sources */,
				95A1137D1E256BE000F9FA3F /* PPMLoader.cpp in Sources */,
				40268F931E2D530F008A8617 /* Quantization.cpp in Sources */,
				95A1137B1E256BD900F9FA3F /* Channel.cpp in Sources */,
				95DD80481E1BFE5400C92112 /* BitMath.cpp in Sources */,
				40268F951E2D533A008A8617 /* TestJPEGWriter.cpp in Sources */,
				95A113861E256CA900F9FA3F /* TestImageDataEncoding.cpp in Sources */,
				95A113791E256B9E00F9FA3F /* DCT.cpp in Sources */,
				95A113821E256BF400F9FA3F /* ImageDataEncoding.cpp in Sources */,
				95DD80471E1BFE4A00C92112 /* Bitstream.cpp in Sources */,
				95A1137E1E256BE300F9FA3F /* Performance.cpp in Sources */,
				95A1137C1E256BDD00F9FA3F /* Image.cpp in Sources */,
				95DD80451E1BFE3900C92112 /* Node.cpp in Sources */,
			);
			runOnlyForDeploymentPostprocessing = 0;
		};
/* End PBXSourcesBuildPhase section */

/* Begin XCBuildConfiguration section */
		545A4D4A1DB6471500B5E365 /* Debug */ = {
			isa = XCBuildConfiguration;
			buildSettings = {
				ALWAYS_SEARCH_USER_PATHS = NO;
				CLANG_ANALYZER_NONNULL = YES;
				CLANG_CXX_LANGUAGE_STANDARD = "gnu++0x";
				CLANG_CXX_LIBRARY = "libc++";
				CLANG_ENABLE_MODULES = YES;
				CLANG_ENABLE_OBJC_ARC = YES;
				CLANG_WARN_BOOL_CONVERSION = YES;
				CLANG_WARN_CONSTANT_CONVERSION = YES;
				CLANG_WARN_DIRECT_OBJC_ISA_USAGE = YES_ERROR;
				CLANG_WARN_DOCUMENTATION_COMMENTS = YES;
				CLANG_WARN_EMPTY_BODY = YES;
				CLANG_WARN_ENUM_CONVERSION = YES;
				CLANG_WARN_INFINITE_RECURSION = YES;
				CLANG_WARN_INT_CONVERSION = YES;
				CLANG_WARN_OBJC_ROOT_CLASS = YES_ERROR;
				CLANG_WARN_SUSPICIOUS_MOVE = YES;
				CLANG_WARN_SUSPICIOUS_MOVES = YES;
				CLANG_WARN_UNREACHABLE_CODE = YES;
				CLANG_WARN__DUPLICATE_METHOD_MATCH = YES;
				CODE_SIGN_IDENTITY = "-";
				COPY_PHASE_STRIP = NO;
				DEBUG_INFORMATION_FORMAT = dwarf;
				ENABLE_STRICT_OBJC_MSGSEND = YES;
				ENABLE_TESTABILITY = YES;
				GCC_C_LANGUAGE_STANDARD = gnu99;
				GCC_DYNAMIC_NO_PIC = NO;
				GCC_NO_COMMON_BLOCKS = YES;
				GCC_OPTIMIZATION_LEVEL = 0;
				GCC_PREPROCESSOR_DEFINITIONS = (
					"DEBUG=1",
					"$(inherited)",
				);
				GCC_WARN_64_TO_32_BIT_CONVERSION = YES;
				GCC_WARN_ABOUT_RETURN_TYPE = YES_ERROR;
				GCC_WARN_UNDECLARED_SELECTOR = YES;
				GCC_WARN_UNINITIALIZED_AUTOS = YES_AGGRESSIVE;
				GCC_WARN_UNUSED_FUNCTION = YES;
				GCC_WARN_UNUSED_VARIABLE = YES;
				MACOSX_DEPLOYMENT_TARGET = 10.11;
				MTL_ENABLE_DEBUG_INFO = YES;
				ONLY_ACTIVE_ARCH = YES;
				SDKROOT = macosx;
			};
			name = Debug;
		};
		545A4D4B1DB6471500B5E365 /* Release */ = {
			isa = XCBuildConfiguration;
			buildSettings = {
				ALWAYS_SEARCH_USER_PATHS = NO;
				CLANG_ANALYZER_NONNULL = YES;
				CLANG_CXX_LANGUAGE_STANDARD = "gnu++0x";
				CLANG_CXX_LIBRARY = "libc++";
				CLANG_ENABLE_MODULES = YES;
				CLANG_ENABLE_OBJC_ARC = YES;
				CLANG_WARN_BOOL_CONVERSION = YES;
				CLANG_WARN_CONSTANT_CONVERSION = YES;
				CLANG_WARN_DIRECT_OBJC_ISA_USAGE = YES_ERROR;
				CLANG_WARN_DOCUMENTATION_COMMENTS = YES;
				CLANG_WARN_EMPTY_BODY = YES;
				CLANG_WARN_ENUM_CONVERSION = YES;
				CLANG_WARN_INFINITE_RECURSION = YES;
				CLANG_WARN_INT_CONVERSION = YES;
				CLANG_WARN_OBJC_ROOT_CLASS = YES_ERROR;
				CLANG_WARN_SUSPICIOUS_MOVE = YES;
				CLANG_WARN_SUSPICIOUS_MOVES = YES;
				CLANG_WARN_UNREACHABLE_CODE = YES;
				CLANG_WARN__DUPLICATE_METHOD_MATCH = YES;
				CODE_SIGN_IDENTITY = "-";
				COPY_PHASE_STRIP = NO;
				DEBUG_INFORMATION_FORMAT = "dwarf-with-dsym";
				ENABLE_NS_ASSERTIONS = NO;
				ENABLE_STRICT_OBJC_MSGSEND = YES;
				GCC_C_LANGUAGE_STANDARD = gnu99;
				GCC_NO_COMMON_BLOCKS = YES;
				GCC_WARN_64_TO_32_BIT_CONVERSION = YES;
				GCC_WARN_ABOUT_RETURN_TYPE = YES_ERROR;
				GCC_WARN_UNDECLARED_SELECTOR = YES;
				GCC_WARN_UNINITIALIZED_AUTOS = YES_AGGRESSIVE;
				GCC_WARN_UNUSED_FUNCTION = YES;
				GCC_WARN_UNUSED_VARIABLE = YES;
				MACOSX_DEPLOYMENT_TARGET = 10.11;
				MTL_ENABLE_DEBUG_INFO = NO;
				SDKROOT = macosx;
			};
			name = Release;
		};
		545A4D4D1DB6471500B5E365 /* Debug */ = {
			isa = XCBuildConfiguration;
			buildSettings = {
				ARCHS = "$(ARCHS_STANDARD)";
				BUNDLE_LOADER = "";
				CLANG_WARN_ASSIGN_ENUM = YES;
				CLANG_WARN_SUSPICIOUS_IMPLICIT_CONVERSION = YES;
				CONFIGURATION_BUILD_DIR = "$(PROJECT_DIR)/build";
				GCC_WARN_SIGN_COMPARE = YES;
				GCC_WARN_UNKNOWN_PRAGMAS = YES;
				GCC_WARN_UNUSED_PARAMETER = YES;
				PRODUCT_NAME = "$(TARGET_NAME)";
				TEST_HOST = "";
				WARNING_CFLAGS = "-Wall";
			};
			name = Debug;
		};
		545A4D4E1DB6471500B5E365 /* Release */ = {
			isa = XCBuildConfiguration;
			buildSettings = {
				ARCHS = "$(ARCHS_STANDARD)";
				BUNDLE_LOADER = "";
				CLANG_WARN_ASSIGN_ENUM = YES;
				CLANG_WARN_SUSPICIOUS_IMPLICIT_CONVERSION = YES;
				CONFIGURATION_BUILD_DIR = "$(PROJECT_DIR)/build";
				GCC_OPTIMIZATION_LEVEL = fast;
				GCC_WARN_SIGN_COMPARE = YES;
				GCC_WARN_UNKNOWN_PRAGMAS = YES;
				GCC_WARN_UNUSED_PARAMETER = YES;
				PRODUCT_NAME = "$(TARGET_NAME)";
				TEST_HOST = "";
				WARNING_CFLAGS = "-Wall";
			};
			name = Release;
		};
		95DD80361E1BFD1C00C92112 /* Debug */ = {
			isa = XCBuildConfiguration;
			buildSettings = {
				CONFIGURATION_BUILD_DIR = "$(PROJECT_DIR)/build";
				PRODUCT_NAME = "$(TARGET_NAME)";
			};
			name = Debug;
		};
		95DD80371E1BFD1C00C92112 /* Release */ = {
			isa = XCBuildConfiguration;
			buildSettings = {
				CONFIGURATION_BUILD_DIR = "$(PROJECT_DIR)/build";
				PRODUCT_NAME = "$(TARGET_NAME)";
			};
			name = Release;
		};
/* End XCBuildConfiguration section */

/* Begin XCConfigurationList section */
		545A4D401DB6471500B5E365 /* Build configuration list for PBXProject "jpegenc" */ = {
			isa = XCConfigurationList;
			buildConfigurations = (
				545A4D4A1DB6471500B5E365 /* Debug */,
				545A4D4B1DB6471500B5E365 /* Release */,
			);
			defaultConfigurationIsVisible = 0;
			defaultConfigurationName = Release;
		};
		545A4D4C1DB6471500B5E365 /* Build configuration list for PBXNativeTarget "jpegenc" */ = {
			isa = XCConfigurationList;
			buildConfigurations = (
				545A4D4D1DB6471500B5E365 /* Debug */,
				545A4D4E1DB6471500B5E365 /* Release */,
			);
			defaultConfigurationIsVisible = 0;
			defaultConfigurationName = Release;
		};
		95DD80351E1BFD1C00C92112 /* Build configuration list for PBXNativeTarget "jpegencTest" */ = {
			isa = XCConfigurationList;
			buildConfigurations = (
				95DD80361E1BFD1C00C92112 /* Debug */,
				95DD80371E1BFD1C00C92112 /* Release */,
			);
			defaultConfigurationIsVisible = 0;
			defaultConfigurationName = Release;
		};
/* End XCConfigurationList section */
	};
	rootObject = 545A4D3D1DB6471500B5E365 /* Project object */;
}
